
Microsoft Visual Studio Solution File, Format Version 12.00
# Visual Studio Version 16
VisualStudioVersion = 16.0.29306.81
MinimumVisualStudioVersion = 10.0.40219.1
Project("{FAE04EC0-301F-11D3-BF4B-00C04F79EFBC}") = "hash_table_datastructure", "hash_table_datastructure\hash_table_datastructure.csproj", "{3A3C5C85-24A3-482C-BBBF-1EE5F7DD71FC}"
EndProject
Global
	GlobalSection(SolutionConfigurationPlatforms) = preSolution
		Debug|Any CPU = Debug|Any CPU
		Release|Any CPU = Release|Any CPU
	EndGlobalSection
	GlobalSection(ProjectConfigurationPlatforms) = postSolution
		{3A3C5C85-24A3-482C-BBBF-1EE5F7DD71FC}.Debug|Any CPU.ActiveCfg = Debug|Any CPU
		{3A3C5C85-24A3-482C-BBBF-1EE5F7DD71FC}.Debug|Any CPU.Build.0 = Debug|Any CPU
		{3A3C5C85-24A3-482C-BBBF-1EE5F7DD71FC}.Release|Any CPU.ActiveCfg = Release|Any CPU
		{3A3C5C85-24A3-482C-BBBF-1EE5F7DD71FC}.Release|Any CPU.Build.0 = Release|Any CPU
	EndGlobalSection
	GlobalSection(SolutionProperties) = preSolution
		HideSolutionNode = FALSE
	EndGlobalSection
	GlobalSection(ExtensibilityGlobals) = postSolution
		SolutionGuid = {5A1BA99C-08A7-4E6B-846B-FE9EDF0F22AA}
	EndGlobalSection
EndGlobal
